
Microsoft Visual Studio Solution File, Format Version 12.00
# Visual Studio Version 17
VisualStudioVersion = 17.9.34728.123
MinimumVisualStudioVersion = 10.0.40219.1
Project("{9A19103F-16F7-4668-BE54-9A1E7A4F7556}") = "DeclChestLootTests", "DeclChestLootTests.csproj", "{699C85E6-56B4-4233-97DD-3C3F25F672EC}"
EndProject
Global
	GlobalSection(SolutionConfigurationPlatforms) = preSolution
		Debug|Any CPU = Debug|Any CPU
		Release|Any CPU = Release|Any CPU
	EndGlobalSection
	GlobalSection(ProjectConfigurationPlatforms) = postSolution
		{699C85E6-56B4-4233-97DD-3C3F25F672EC}.Debug|Any CPU.ActiveCfg = Debug|Any CPU
		{699C85E6-56B4-4233-97DD-3C3F25F672EC}.Debug|Any CPU.Build.0 = Debug|Any CPU
		{699C85E6-56B4-4233-97DD-3C3F25F672EC}.Release|Any CPU.ActiveCfg = Release|Any CPU
		{699C85E6-56B4-4233-97DD-3C3F25F672EC}.Release|Any CPU.Build.0 = Release|Any CPU
	EndGlobalSection
	GlobalSection(SolutionProperties) = preSolution
		HideSolutionNode = FALSE
	EndGlobalSection
	GlobalSection(ExtensibilityGlobals) = postSolution
		SolutionGuid = {F3D00A17-AEEC-4D5D-A7CD-9A33D0D17967}
	EndGlobalSection
EndGlobal
