
Microsoft Visual Studio Solution File, Format Version 12.00
# Visual Studio Version 17
VisualStudioVersion = 17.10.34607.79
MinimumVisualStudioVersion = 10.0.40219.1
Project("{FAE04EC0-301F-11D3-BF4B-00C04F79EFBC}") = "tModCodeAssist", "tModCodeAssist\tModCodeAssist.csproj", "{DFEF10D8-C458-44D4-8BBB-623A516EE362}"
EndProject
Project("{FAE04EC0-301F-11D3-BF4B-00C04F79EFBC}") = "tModCodeAssist.CodeFixes", "tModCodeAssist.CodeFixes\tModCodeAssist.CodeFixes.csproj", "{894B3F00-E69A-4759-8B52-8F6D1B029280}"
EndProject
Project("{FAE04EC0-301F-11D3-BF4B-00C04F79EFBC}") = "tModCodeAssist.Test", "tModCodeAssist.Test\tModCodeAssist.Test.csproj", "{DD140308-6439-41AF-8B66-37731F68B945}"
EndProject
Global
	GlobalSection(SolutionConfigurationPlatforms) = preSolution
		Debug|Any CPU = Debug|Any CPU
		Release|Any CPU = Release|Any CPU
	EndGlobalSection
	GlobalSection(ProjectConfigurationPlatforms) = postSolution
		{DFEF10D8-C458-44D4-8BBB-623A516EE362}.Debug|Any CPU.ActiveCfg = Debug|Any CPU
		{DFEF10D8-C458-44D4-8BBB-623A516EE362}.Debug|Any CPU.Build.0 = Debug|Any CPU
		{DFEF10D8-C458-44D4-8BBB-623A516EE362}.Release|Any CPU.ActiveCfg = Release|Any CPU
		{DFEF10D8-C458-44D4-8BBB-623A516EE362}.Release|Any CPU.Build.0 = Release|Any CPU
		{894B3F00-E69A-4759-8B52-8F6D1B029280}.Debug|Any CPU.ActiveCfg = Debug|Any CPU
		{894B3F00-E69A-4759-8B52-8F6D1B029280}.Debug|Any CPU.Build.0 = Debug|Any CPU
		{894B3F00-E69A-4759-8B52-8F6D1B029280}.Release|Any CPU.ActiveCfg = Release|Any CPU
		{894B3F00-E69A-4759-8B52-8F6D1B029280}.Release|Any CPU.Build.0 = Release|Any CPU
		{DD140308-6439-41AF-8B66-37731F68B945}.Debug|Any CPU.ActiveCfg = Debug|Any CPU
		{DD140308-6439-41AF-8B66-37731F68B945}.Debug|Any CPU.Build.0 = Debug|Any CPU
		{DD140308-6439-41AF-8B66-37731F68B945}.Release|Any CPU.ActiveCfg = Release|Any CPU
		{DD140308-6439-41AF-8B66-37731F68B945}.Release|Any CPU.Build.0 = Release|Any CPU
	EndGlobalSection
	GlobalSection(SolutionProperties) = preSolution
		HideSolutionNode = FALSE
	EndGlobalSection
	GlobalSection(ExtensibilityGlobals) = postSolution
		SolutionGuid = {44393CAC-A9C8-4643-B3E1-F02456AD7D95}
	EndGlobalSection
EndGlobal
