
Microsoft Visual Studio Solution File, Format Version 12.00
# Visual Studio Version 17
VisualStudioVersion = 17.0.31903.59
MinimumVisualStudioVersion = 10.0.40219.1
Project("{9A19103F-16F7-4668-BE54-9A1E7A4F7556}") = "Terraria", "..\src\TerrariaNetCore\Terraria\Terraria.csproj", "{4EFE2B31-D61A-4C07-BAD2-991D3633C237}"
EndProject
Project("{9A19103F-16F7-4668-BE54-9A1E7A4F7556}") = "ReLogic", "..\src\TerrariaNetCore\ReLogic\ReLogic.csproj", "{FD2AC3B2-3EA4-4331-ABC5-D3AA05035242}"
EndProject
Project("{9A19103F-16F7-4668-BE54-9A1E7A4F7556}") = "FNA.Core", "..\FNA\FNA.Core.csproj", "{1EED6B32-5FC7-41A8-91C3-08147C46DD4F}"
EndProject
Project("{9A19103F-16F7-4668-BE54-9A1E7A4F7556}") = "tModLoader.BuildTasks", "..\tModBuildTasks\tModLoader.BuildTasks.csproj", "{0FBF234A-8665-44FD-9B2C-88A2E43006F8}"
EndProject
Global
	GlobalSection(SolutionConfigurationPlatforms) = preSolution
		Debug|Any CPU = Debug|Any CPU
		Release|Any CPU = Release|Any CPU
	EndGlobalSection
	GlobalSection(ProjectConfigurationPlatforms) = postSolution
		{4EFE2B31-D61A-4C07-BAD2-991D3633C237}.Debug|Any CPU.ActiveCfg = Debug|Any CPU
		{4EFE2B31-D61A-4C07-BAD2-991D3633C237}.Debug|Any CPU.Build.0 = Debug|Any CPU
		{4EFE2B31-D61A-4C07-BAD2-991D3633C237}.Release|Any CPU.ActiveCfg = Release|Any CPU
		{4EFE2B31-D61A-4C07-BAD2-991D3633C237}.Release|Any CPU.Build.0 = Release|Any CPU
		{FD2AC3B2-3EA4-4331-ABC5-D3AA05035242}.Debug|Any CPU.ActiveCfg = Debug|Any CPU
		{FD2AC3B2-3EA4-4331-ABC5-D3AA05035242}.Debug|Any CPU.Build.0 = Debug|Any CPU
		{FD2AC3B2-3EA4-4331-ABC5-D3AA05035242}.Release|Any CPU.ActiveCfg = Release|Any CPU
		{FD2AC3B2-3EA4-4331-ABC5-D3AA05035242}.Release|Any CPU.Build.0 = Release|Any CPU
		{1EED6B32-5FC7-41A8-91C3-08147C46DD4F}.Debug|Any CPU.ActiveCfg = Debug|Any CPU
		{1EED6B32-5FC7-41A8-91C3-08147C46DD4F}.Debug|Any CPU.Build.0 = Debug|Any CPU
		{1EED6B32-5FC7-41A8-91C3-08147C46DD4F}.Release|Any CPU.ActiveCfg = Release|Any CPU
		{1EED6B32-5FC7-41A8-91C3-08147C46DD4F}.Release|Any CPU.Build.0 = Release|Any CPU
		{0FBF234A-8665-44FD-9B2C-88A2E43006F8}.Debug|Any CPU.ActiveCfg = Debug|Any CPU
		{0FBF234A-8665-44FD-9B2C-88A2E43006F8}.Debug|Any CPU.Build.0 = Debug|Any CPU
		{0FBF234A-8665-44FD-9B2C-88A2E43006F8}.Release|Any CPU.ActiveCfg = Release|Any CPU
		{0FBF234A-8665-44FD-9B2C-88A2E43006F8}.Release|Any CPU.Build.0 = Release|Any CPU
	EndGlobalSection
	GlobalSection(SolutionProperties) = preSolution
		HideSolutionNode = FALSE
	EndGlobalSection
	GlobalSection(ExtensibilityGlobals) = postSolution
		SolutionGuid = {F15D006F-B8F2-4CE5-86E6-D3E8BB69DB5F}
	EndGlobalSection
EndGlobal
