
Microsoft Visual Studio Solution File, Format Version 12.00
# Visual Studio Version 16
VisualStudioVersion = 16.0.29613.14
MinimumVisualStudioVersion = 10.0.40219.1
Project("{9A19103F-16F7-4668-BE54-9A1E7A4F7556}") = "ReLogic", "..\src\Terraria\ReLogic\ReLogic.csproj", "{359B7CB0-9706-4008-8CF9-EB81F8021D59}"
EndProject
Project("{9A19103F-16F7-4668-BE54-9A1E7A4F7556}") = "Terraria", "..\src\Terraria\Terraria\Terraria.csproj", "{630BE316-5EDD-4F27-9983-B3B07662A34E}"
EndProject
Global
	GlobalSection(SolutionConfigurationPlatforms) = preSolution
		Debug|Any CPU = Debug|Any CPU
		Release|Any CPU = Release|Any CPU
	EndGlobalSection
	GlobalSection(ProjectConfigurationPlatforms) = postSolution
		{359B7CB0-9706-4008-8CF9-EB81F8021D59}.Debug|Any CPU.ActiveCfg = Debug|Any CPU
		{359B7CB0-9706-4008-8CF9-EB81F8021D59}.Debug|Any CPU.Build.0 = Debug|Any CPU
		{359B7CB0-9706-4008-8CF9-EB81F8021D59}.Release|Any CPU.ActiveCfg = Release|Any CPU
		{359B7CB0-9706-4008-8CF9-EB81F8021D59}.Release|Any CPU.Build.0 = Release|Any CPU
		{630BE316-5EDD-4F27-9983-B3B07662A34E}.Debug|Any CPU.ActiveCfg = Debug|Any CPU
		{630BE316-5EDD-4F27-9983-B3B07662A34E}.Debug|Any CPU.Build.0 = Debug|Any CPU
		{630BE316-5EDD-4F27-9983-B3B07662A34E}.Release|Any CPU.ActiveCfg = Release|Any CPU
		{630BE316-5EDD-4F27-9983-B3B07662A34E}.Release|Any CPU.Build.0 = Release|Any CPU
	EndGlobalSection
	GlobalSection(SolutionProperties) = preSolution
		HideSolutionNode = FALSE
	EndGlobalSection
	GlobalSection(ExtensibilityGlobals) = postSolution
		SolutionGuid = {7DE165EE-78BB-462F-BF7A-69CA101A2731}
	EndGlobalSection
EndGlobal
