
Microsoft Visual Studio Solution File, Format Version 12.00
# Visual Studio Version 17
VisualStudioVersion = 17.0.31903.59
MinimumVisualStudioVersion = 10.0.40219.1
Project("{9A19103F-16F7-4668-BE54-9A1E7A4F7556}") = "Terraria", "..\src\tModLoader\Terraria\Terraria.csproj", "{4EFE2B31-D61A-4C07-BAD2-991D3633C237}"
EndProject
Project("{9A19103F-16F7-4668-BE54-9A1E7A4F7556}") = "ReLogic", "..\src\tModLoader\ReLogic\ReLogic.csproj", "{FD2AC3B2-3EA4-4331-ABC5-D3AA05035242}"
EndProject
Project("{9A19103F-16F7-4668-BE54-9A1E7A4F7556}") = "FNA.Core", "..\FNA\FNA.Core.csproj", "{1EED6B32-5FC7-41A8-91C3-08147C46DD4F}"
EndProject
Project("{9A19103F-16F7-4668-BE54-9A1E7A4F7556}") = "ExampleMod", "..\ExampleMod\ExampleMod.csproj", "{F646F0CE-2C51-4610-B097-F16FB58CECC5}"
EndProject
Project("{9A19103F-16F7-4668-BE54-9A1E7A4F7556}") = "tModPorter", "..\tModPorter\tModPorter\tModPorter.csproj", "{2667C978-80E3-4D97-9F64-E519BA578BC1}"
EndProject
Project("{9A19103F-16F7-4668-BE54-9A1E7A4F7556}") = "tModPorter.Tests", "..\tModPorter\tModPorter.Tests\tModPorter.Tests.csproj", "{97334941-ACE4-4BB2-A8E6-7F239722EA24}"
EndProject
Project("{9A19103F-16F7-4668-BE54-9A1E7A4F7556}") = "tModLoaderTests", "..\test\tModLoaderTests.csproj", "{D7D3267F-5E12-47C8-A853-5BA8D0F15890}"
EndProject
Project("{9A19103F-16F7-4668-BE54-9A1E7A4F7556}") = "tModLoader.BuildTasks", "..\tModBuildTasks\tModLoader.BuildTasks.csproj", "{3032A76C-7FC4-4E28-BB62-A8E632FCE79D}"
EndProject
Project("{FAE04EC0-301F-11D3-BF4B-00C04F79EFBC}") = "tModCodeAssist", "..\tModCodeAssist\tModCodeAssist\tModCodeAssist.csproj", "{8513EE0F-F1EF-542F-5F04-FE610246A347}"
EndProject
Project("{FAE04EC0-301F-11D3-BF4B-00C04F79EFBC}") = "tModCodeAssist.CodeFixes", "..\tModCodeAssist\tModCodeAssist.CodeFixes\tModCodeAssist.CodeFixes.csproj", "{E84567FB-E48C-D04A-0287-70C5A405040B}"
EndProject
Project("{FAE04EC0-301F-11D3-BF4B-00C04F79EFBC}") = "tModCodeAssist.Tests", "..\tModCodeAssist\tModCodeAssist.Tests\tModCodeAssist.Tests.csproj", "{056DA6CC-A753-0D1A-777F-02C12C756543}"
EndProject
Global
	GlobalSection(SolutionConfigurationPlatforms) = preSolution
		Debug|Any CPU = Debug|Any CPU
		Release|Any CPU = Release|Any CPU
	EndGlobalSection
	GlobalSection(ProjectConfigurationPlatforms) = postSolution
		{4EFE2B31-D61A-4C07-BAD2-991D3633C237}.Debug|Any CPU.ActiveCfg = Debug|Any CPU
		{4EFE2B31-D61A-4C07-BAD2-991D3633C237}.Debug|Any CPU.Build.0 = Debug|Any CPU
		{4EFE2B31-D61A-4C07-BAD2-991D3633C237}.Release|Any CPU.ActiveCfg = Release|Any CPU
		{4EFE2B31-D61A-4C07-BAD2-991D3633C237}.Release|Any CPU.Build.0 = Release|Any CPU
		{FD2AC3B2-3EA4-4331-ABC5-D3AA05035242}.Debug|Any CPU.ActiveCfg = Debug|Any CPU
		{FD2AC3B2-3EA4-4331-ABC5-D3AA05035242}.Debug|Any CPU.Build.0 = Debug|Any CPU
		{FD2AC3B2-3EA4-4331-ABC5-D3AA05035242}.Release|Any CPU.ActiveCfg = Release|Any CPU
		{FD2AC3B2-3EA4-4331-ABC5-D3AA05035242}.Release|Any CPU.Build.0 = Release|Any CPU
		{1EED6B32-5FC7-41A8-91C3-08147C46DD4F}.Debug|Any CPU.ActiveCfg = Debug|Any CPU
		{1EED6B32-5FC7-41A8-91C3-08147C46DD4F}.Debug|Any CPU.Build.0 = Debug|Any CPU
		{1EED6B32-5FC7-41A8-91C3-08147C46DD4F}.Release|Any CPU.ActiveCfg = Release|Any CPU
		{1EED6B32-5FC7-41A8-91C3-08147C46DD4F}.Release|Any CPU.Build.0 = Release|Any CPU
		{F646F0CE-2C51-4610-B097-F16FB58CECC5}.Debug|Any CPU.ActiveCfg = Debug|Any CPU
		{F646F0CE-2C51-4610-B097-F16FB58CECC5}.Debug|Any CPU.Build.0 = Debug|Any CPU
		{F646F0CE-2C51-4610-B097-F16FB58CECC5}.Release|Any CPU.ActiveCfg = Release|Any CPU
		{F646F0CE-2C51-4610-B097-F16FB58CECC5}.Release|Any CPU.Build.0 = Release|Any CPU
		{2667C978-80E3-4D97-9F64-E519BA578BC1}.Debug|Any CPU.ActiveCfg = Debug|Any CPU
		{2667C978-80E3-4D97-9F64-E519BA578BC1}.Debug|Any CPU.Build.0 = Debug|Any CPU
		{2667C978-80E3-4D97-9F64-E519BA578BC1}.Release|Any CPU.ActiveCfg = Release|Any CPU
		{2667C978-80E3-4D97-9F64-E519BA578BC1}.Release|Any CPU.Build.0 = Release|Any CPU
		{97334941-ACE4-4BB2-A8E6-7F239722EA24}.Debug|Any CPU.ActiveCfg = Debug|Any CPU
		{97334941-ACE4-4BB2-A8E6-7F239722EA24}.Debug|Any CPU.Build.0 = Debug|Any CPU
		{97334941-ACE4-4BB2-A8E6-7F239722EA24}.Release|Any CPU.ActiveCfg = Release|Any CPU
		{97334941-ACE4-4BB2-A8E6-7F239722EA24}.Release|Any CPU.Build.0 = Release|Any CPU
		{D7D3267F-5E12-47C8-A853-5BA8D0F15890}.Debug|Any CPU.ActiveCfg = Debug|Any CPU
		{D7D3267F-5E12-47C8-A853-5BA8D0F15890}.Debug|Any CPU.Build.0 = Debug|Any CPU
		{D7D3267F-5E12-47C8-A853-5BA8D0F15890}.Release|Any CPU.ActiveCfg = Release|Any CPU
		{D7D3267F-5E12-47C8-A853-5BA8D0F15890}.Release|Any CPU.Build.0 = Release|Any CPU
		{3032A76C-7FC4-4E28-BB62-A8E632FCE79D}.Debug|Any CPU.ActiveCfg = Debug|Any CPU
		{3032A76C-7FC4-4E28-BB62-A8E632FCE79D}.Debug|Any CPU.Build.0 = Debug|Any CPU
		{3032A76C-7FC4-4E28-BB62-A8E632FCE79D}.Release|Any CPU.ActiveCfg = Release|Any CPU
		{3032A76C-7FC4-4E28-BB62-A8E632FCE79D}.Release|Any CPU.Build.0 = Release|Any CPU
		{8513EE0F-F1EF-542F-5F04-FE610246A347}.Debug|Any CPU.ActiveCfg = Debug|Any CPU
		{8513EE0F-F1EF-542F-5F04-FE610246A347}.Debug|Any CPU.Build.0 = Debug|Any CPU
		{8513EE0F-F1EF-542F-5F04-FE610246A347}.Release|Any CPU.ActiveCfg = Release|Any CPU
		{8513EE0F-F1EF-542F-5F04-FE610246A347}.Release|Any CPU.Build.0 = Release|Any CPU
		{E84567FB-E48C-D04A-0287-70C5A405040B}.Debug|Any CPU.ActiveCfg = Debug|Any CPU
		{E84567FB-E48C-D04A-0287-70C5A405040B}.Debug|Any CPU.Build.0 = Debug|Any CPU
		{E84567FB-E48C-D04A-0287-70C5A405040B}.Release|Any CPU.ActiveCfg = Release|Any CPU
		{E84567FB-E48C-D04A-0287-70C5A405040B}.Release|Any CPU.Build.0 = Release|Any CPU
		{056DA6CC-A753-0D1A-777F-02C12C756543}.Debug|Any CPU.ActiveCfg = Debug|Any CPU
		{056DA6CC-A753-0D1A-777F-02C12C756543}.Debug|Any CPU.Build.0 = Debug|Any CPU
		{056DA6CC-A753-0D1A-777F-02C12C756543}.Release|Any CPU.ActiveCfg = Release|Any CPU
		{056DA6CC-A753-0D1A-777F-02C12C756543}.Release|Any CPU.Build.0 = Release|Any CPU
	EndGlobalSection
	GlobalSection(SolutionProperties) = preSolution
		HideSolutionNode = FALSE
	EndGlobalSection
	GlobalSection(ExtensibilityGlobals) = postSolution
		SolutionGuid = {FC023636-D3CD-483A-9B8E-EFC9C6FCFB79}
	EndGlobalSection
EndGlobal
