
Microsoft Visual Studio Solution File, Format Version 12.00
# Visual Studio 2013
VisualStudioVersion = 12.0.31101.0
MinimumVisualStudioVersion = 10.0.40219.1
Project("{FAE04EC0-301F-11D3-BF4B-00C04F79EFBC}") = "Terraria", "..\src\tModLoader\Terraria.csproj", "{3996D5FA-6E59-4FE4-9F2B-40EEEF9645D5}"
EndProject
Project("{FAE04EC0-301F-11D3-BF4B-00C04F79EFBC}") = "TerrariaServer", "..\src\tModLoader\TerrariaServer.csproj", "{85BF1171-A0DC-4696-BFA4-D6E9DC4E0830}"
EndProject
Global
	GlobalSection(SolutionConfigurationPlatforms) = preSolution
		Debug|x86 = Debug|x86
		Release|x86 = Release|x86
	EndGlobalSection
	GlobalSection(ProjectConfigurationPlatforms) = postSolution
		{3996D5FA-6E59-4FE4-9F2B-40EEEF9645D5}.Debug|x86.ActiveCfg = Debug|x86
		{3996D5FA-6E59-4FE4-9F2B-40EEEF9645D5}.Debug|x86.Build.0 = Debug|x86
		{3996D5FA-6E59-4FE4-9F2B-40EEEF9645D5}.Release|x86.ActiveCfg = Release|x86
		{3996D5FA-6E59-4FE4-9F2B-40EEEF9645D5}.Release|x86.Build.0 = Release|x86
		{85BF1171-A0DC-4696-BFA4-D6E9DC4E0830}.Debug|x86.ActiveCfg = Debug|x86
		{85BF1171-A0DC-4696-BFA4-D6E9DC4E0830}.Debug|x86.Build.0 = Debug|x86
		{85BF1171-A0DC-4696-BFA4-D6E9DC4E0830}.Release|x86.ActiveCfg = Release|x86
		{85BF1171-A0DC-4696-BFA4-D6E9DC4E0830}.Release|x86.Build.0 = Release|x86
	EndGlobalSection
	GlobalSection(SolutionProperties) = preSolution
		HideSolutionNode = FALSE
	EndGlobalSection
EndGlobal
