
Microsoft Visual Studio Solution File, Format Version 12.00
# Visual Studio Version 18
VisualStudioVersion = 18.3.11312.210 d18.3
MinimumVisualStudioVersion = 10.0.40219.1
Project("{FAE04EC0-301F-11D3-BF4B-00C04F79EFBC}") = "Terraria", "..\src\Unified\Terraria\Terraria.csproj", "{2723ACB3-6289-BEF0-22D2-9035A47C36ED}"
EndProject
Project("{FAE04EC0-301F-11D3-BF4B-00C04F79EFBC}") = "ReLogic", "..\src\Unified\ReLogic\ReLogic.csproj", "{3AA11929-CF36-D9D3-FA65-2BFC8B49F803}"
EndProject
Project("{FAE04EC0-301F-11D3-BF4B-00C04F79EFBC}") = "tModLoader.BuildTasks", "..\tModBuildTasks\tModLoader.BuildTasks.csproj", "{05F0F3D5-6AE5-D968-6568-EB596E0E8DC6}"
EndProject
Project("{FAE04EC0-301F-11D3-BF4B-00C04F79EFBC}") = "FNA", "..\FNA2\src\FNA\FNA.csproj", "{60F686F7-E218-43DD-D4DE-977A0EFB40BB}"
EndProject
Project("{FAE04EC0-301F-11D3-BF4B-00C04F79EFBC}") = "UnifiedTests", "..\UnifiedTests\UnifiedTests.csproj", "{A0709050-A2EF-439D-8B8C-EAADC0F6995A}"
EndProject
Global
	GlobalSection(SolutionConfigurationPlatforms) = preSolution
		Debug|Any CPU = Debug|Any CPU
		Release|Any CPU = Release|Any CPU
	EndGlobalSection
	GlobalSection(ProjectConfigurationPlatforms) = postSolution
		{2723ACB3-6289-BEF0-22D2-9035A47C36ED}.Debug|Any CPU.ActiveCfg = Debug|Any CPU
		{2723ACB3-6289-BEF0-22D2-9035A47C36ED}.Debug|Any CPU.Build.0 = Debug|Any CPU
		{2723ACB3-6289-BEF0-22D2-9035A47C36ED}.Release|Any CPU.ActiveCfg = Release|Any CPU
		{2723ACB3-6289-BEF0-22D2-9035A47C36ED}.Release|Any CPU.Build.0 = Release|Any CPU
		{3AA11929-CF36-D9D3-FA65-2BFC8B49F803}.Debug|Any CPU.ActiveCfg = Debug|Any CPU
		{3AA11929-CF36-D9D3-FA65-2BFC8B49F803}.Debug|Any CPU.Build.0 = Debug|Any CPU
		{3AA11929-CF36-D9D3-FA65-2BFC8B49F803}.Release|Any CPU.ActiveCfg = Release|Any CPU
		{3AA11929-CF36-D9D3-FA65-2BFC8B49F803}.Release|Any CPU.Build.0 = Release|Any CPU
		{05F0F3D5-6AE5-D968-6568-EB596E0E8DC6}.Debug|Any CPU.ActiveCfg = Debug|Any CPU
		{05F0F3D5-6AE5-D968-6568-EB596E0E8DC6}.Debug|Any CPU.Build.0 = Debug|Any CPU
		{05F0F3D5-6AE5-D968-6568-EB596E0E8DC6}.Release|Any CPU.ActiveCfg = Release|Any CPU
		{05F0F3D5-6AE5-D968-6568-EB596E0E8DC6}.Release|Any CPU.Build.0 = Release|Any CPU
		{60F686F7-E218-43DD-D4DE-977A0EFB40BB}.Debug|Any CPU.ActiveCfg = Debug|Any CPU
		{60F686F7-E218-43DD-D4DE-977A0EFB40BB}.Debug|Any CPU.Build.0 = Debug|Any CPU
		{60F686F7-E218-43DD-D4DE-977A0EFB40BB}.Release|Any CPU.ActiveCfg = Release|Any CPU
		{60F686F7-E218-43DD-D4DE-977A0EFB40BB}.Release|Any CPU.Build.0 = Release|Any CPU
		{A0709050-A2EF-439D-8B8C-EAADC0F6995A}.Debug|Any CPU.ActiveCfg = Debug|Any CPU
		{A0709050-A2EF-439D-8B8C-EAADC0F6995A}.Debug|Any CPU.Build.0 = Debug|Any CPU
		{A0709050-A2EF-439D-8B8C-EAADC0F6995A}.Release|Any CPU.ActiveCfg = Release|Any CPU
		{A0709050-A2EF-439D-8B8C-EAADC0F6995A}.Release|Any CPU.Build.0 = Release|Any CPU
	EndGlobalSection
	GlobalSection(SolutionProperties) = preSolution
		HideSolutionNode = FALSE
	EndGlobalSection
	GlobalSection(ExtensibilityGlobals) = postSolution
		SolutionGuid = {49641D84-48E4-4E48-9F42-EF5164C822AF}
	EndGlobalSection
EndGlobal
