
Microsoft Visual Studio Solution File, Format Version 12.00
# Visual Studio Version 16
VisualStudioVersion = 16.0.29613.14
MinimumVisualStudioVersion = 10.0.40219.1
Project("{9A19103F-16F7-4668-BE54-9A1E7A4F7556}") = "Terraria", "..\..\src\Terraria\Terraria\Terraria_LegacyNetFramework.csproj", "{630BE316-5EDD-4F27-9983-B3B07662A34E}"
EndProject
Project("{9A19103F-16F7-4668-BE54-9A1E7A4F7556}") = "ReLogic", "..\..\src\Terraria\ReLogic\ReLogic_LegacyNetFramework.csproj", "{359B7CB0-9706-4008-8CF9-EB81F8021D59}"
EndProject
Global
	GlobalSection(SolutionConfigurationPlatforms) = preSolution
		LinuxRelease|Any CPU = LinuxRelease|Any CPU
		LinuxRelease|Auto = LinuxRelease|Auto
		LinuxServerRelease|Any CPU = LinuxServerRelease|Any CPU
		LinuxServerRelease|Auto = LinuxServerRelease|Auto
		MacRelease|Any CPU = MacRelease|Any CPU
		MacRelease|Auto = MacRelease|Auto
		MacServerRelease|Any CPU = MacServerRelease|Any CPU
		MacServerRelease|Auto = MacServerRelease|Auto
		WindowsDebug|Any CPU = WindowsDebug|Any CPU
		WindowsDebug|Auto = WindowsDebug|Auto
		WindowsRelease|Any CPU = WindowsRelease|Any CPU
		WindowsRelease|Auto = WindowsRelease|Auto
		WindowsServerDebug|Any CPU = WindowsServerDebug|Any CPU
		WindowsServerDebug|Auto = WindowsServerDebug|Auto
		WindowsServerRelease|Any CPU = WindowsServerRelease|Any CPU
		WindowsServerRelease|Auto = WindowsServerRelease|Auto
	EndGlobalSection
	GlobalSection(ProjectConfigurationPlatforms) = postSolution
		{359B7CB0-9706-4008-8CF9-EB81F8021D59}.LinuxRelease|Any CPU.ActiveCfg = LinuxRelease|Any CPU
		{359B7CB0-9706-4008-8CF9-EB81F8021D59}.LinuxRelease|Any CPU.Build.0 = LinuxRelease|Any CPU
		{359B7CB0-9706-4008-8CF9-EB81F8021D59}.LinuxRelease|Auto.ActiveCfg = LinuxRelease|Any CPU
		{359B7CB0-9706-4008-8CF9-EB81F8021D59}.LinuxRelease|Auto.Build.0 = LinuxRelease|Any CPU
		{359B7CB0-9706-4008-8CF9-EB81F8021D59}.LinuxServerRelease|Any CPU.ActiveCfg = LinuxServerRelease|Any CPU
		{359B7CB0-9706-4008-8CF9-EB81F8021D59}.LinuxServerRelease|Any CPU.Build.0 = LinuxServerRelease|Any CPU
		{359B7CB0-9706-4008-8CF9-EB81F8021D59}.LinuxServerRelease|Auto.ActiveCfg = LinuxServerRelease|Any CPU
		{359B7CB0-9706-4008-8CF9-EB81F8021D59}.LinuxServerRelease|Auto.Build.0 = LinuxServerRelease|Any CPU
		{359B7CB0-9706-4008-8CF9-EB81F8021D59}.MacRelease|Any CPU.ActiveCfg = MacRelease|Any CPU
		{359B7CB0-9706-4008-8CF9-EB81F8021D59}.MacRelease|Any CPU.Build.0 = MacRelease|Any CPU
		{359B7CB0-9706-4008-8CF9-EB81F8021D59}.MacRelease|Auto.ActiveCfg = MacRelease|Any CPU
		{359B7CB0-9706-4008-8CF9-EB81F8021D59}.MacRelease|Auto.Build.0 = MacRelease|Any CPU
		{359B7CB0-9706-4008-8CF9-EB81F8021D59}.MacServerRelease|Any CPU.ActiveCfg = MacServerRelease|Any CPU
		{359B7CB0-9706-4008-8CF9-EB81F8021D59}.MacServerRelease|Any CPU.Build.0 = MacServerRelease|Any CPU
		{359B7CB0-9706-4008-8CF9-EB81F8021D59}.MacServerRelease|Auto.ActiveCfg = MacServerRelease|Any CPU
		{359B7CB0-9706-4008-8CF9-EB81F8021D59}.MacServerRelease|Auto.Build.0 = MacServerRelease|Any CPU
		{359B7CB0-9706-4008-8CF9-EB81F8021D59}.WindowsDebug|Any CPU.ActiveCfg = WindowsDebug|Any CPU
		{359B7CB0-9706-4008-8CF9-EB81F8021D59}.WindowsDebug|Any CPU.Build.0 = WindowsDebug|Any CPU
		{359B7CB0-9706-4008-8CF9-EB81F8021D59}.WindowsDebug|Auto.ActiveCfg = WindowsDebug|Any CPU
		{359B7CB0-9706-4008-8CF9-EB81F8021D59}.WindowsDebug|Auto.Build.0 = WindowsDebug|Any CPU
		{359B7CB0-9706-4008-8CF9-EB81F8021D59}.WindowsRelease|Any CPU.ActiveCfg = WindowsRelease|Any CPU
		{359B7CB0-9706-4008-8CF9-EB81F8021D59}.WindowsRelease|Any CPU.Build.0 = WindowsRelease|Any CPU
		{359B7CB0-9706-4008-8CF9-EB81F8021D59}.WindowsRelease|Auto.ActiveCfg = WindowsRelease|Any CPU
		{359B7CB0-9706-4008-8CF9-EB81F8021D59}.WindowsRelease|Auto.Build.0 = WindowsRelease|Any CPU
		{359B7CB0-9706-4008-8CF9-EB81F8021D59}.WindowsServerDebug|Any CPU.ActiveCfg = WindowsServerDebug|Any CPU
		{359B7CB0-9706-4008-8CF9-EB81F8021D59}.WindowsServerDebug|Any CPU.Build.0 = WindowsServerDebug|Any CPU
		{359B7CB0-9706-4008-8CF9-EB81F8021D59}.WindowsServerDebug|Auto.ActiveCfg = WindowsServerDebug|Any CPU
		{359B7CB0-9706-4008-8CF9-EB81F8021D59}.WindowsServerDebug|Auto.Build.0 = WindowsServerDebug|Any CPU
		{359B7CB0-9706-4008-8CF9-EB81F8021D59}.WindowsServerRelease|Any CPU.ActiveCfg = WindowsServerRelease|Any CPU
		{359B7CB0-9706-4008-8CF9-EB81F8021D59}.WindowsServerRelease|Any CPU.Build.0 = WindowsServerRelease|Any CPU
		{359B7CB0-9706-4008-8CF9-EB81F8021D59}.WindowsServerRelease|Auto.ActiveCfg = WindowsServerRelease|Any CPU
		{359B7CB0-9706-4008-8CF9-EB81F8021D59}.WindowsServerRelease|Auto.Build.0 = WindowsServerRelease|Any CPU
		{630BE316-5EDD-4F27-9983-B3B07662A34E}.LinuxRelease|Any CPU.ActiveCfg = LinuxRelease|Any CPU
		{630BE316-5EDD-4F27-9983-B3B07662A34E}.LinuxRelease|Any CPU.Build.0 = LinuxRelease|Any CPU
		{630BE316-5EDD-4F27-9983-B3B07662A34E}.LinuxRelease|Auto.ActiveCfg = LinuxRelease|Any CPU
		{630BE316-5EDD-4F27-9983-B3B07662A34E}.LinuxRelease|Auto.Build.0 = LinuxRelease|Any CPU
		{630BE316-5EDD-4F27-9983-B3B07662A34E}.LinuxServerRelease|Any CPU.ActiveCfg = LinuxServerRelease|Any CPU
		{630BE316-5EDD-4F27-9983-B3B07662A34E}.LinuxServerRelease|Any CPU.Build.0 = LinuxServerRelease|Any CPU
		{630BE316-5EDD-4F27-9983-B3B07662A34E}.LinuxServerRelease|Auto.ActiveCfg = LinuxServerRelease|Any CPU
		{630BE316-5EDD-4F27-9983-B3B07662A34E}.LinuxServerRelease|Auto.Build.0 = LinuxServerRelease|Any CPU
		{630BE316-5EDD-4F27-9983-B3B07662A34E}.MacRelease|Any CPU.ActiveCfg = MacRelease|Any CPU
		{630BE316-5EDD-4F27-9983-B3B07662A34E}.MacRelease|Any CPU.Build.0 = MacRelease|Any CPU
		{630BE316-5EDD-4F27-9983-B3B07662A34E}.MacRelease|Auto.ActiveCfg = MacRelease|Any CPU
		{630BE316-5EDD-4F27-9983-B3B07662A34E}.MacRelease|Auto.Build.0 = MacRelease|Any CPU
		{630BE316-5EDD-4F27-9983-B3B07662A34E}.MacServerRelease|Any CPU.ActiveCfg = MacServerRelease|Any CPU
		{630BE316-5EDD-4F27-9983-B3B07662A34E}.MacServerRelease|Any CPU.Build.0 = MacServerRelease|Any CPU
		{630BE316-5EDD-4F27-9983-B3B07662A34E}.MacServerRelease|Auto.ActiveCfg = MacServerRelease|Any CPU
		{630BE316-5EDD-4F27-9983-B3B07662A34E}.MacServerRelease|Auto.Build.0 = MacServerRelease|Any CPU
		{630BE316-5EDD-4F27-9983-B3B07662A34E}.WindowsDebug|Any CPU.ActiveCfg = WindowsDebug|Any CPU
		{630BE316-5EDD-4F27-9983-B3B07662A34E}.WindowsDebug|Any CPU.Build.0 = WindowsDebug|Any CPU
		{630BE316-5EDD-4F27-9983-B3B07662A34E}.WindowsDebug|Auto.ActiveCfg = WindowsDebug|Any CPU
		{630BE316-5EDD-4F27-9983-B3B07662A34E}.WindowsDebug|Auto.Build.0 = WindowsDebug|Any CPU
		{630BE316-5EDD-4F27-9983-B3B07662A34E}.WindowsRelease|Any CPU.ActiveCfg = WindowsRelease|Any CPU
		{630BE316-5EDD-4F27-9983-B3B07662A34E}.WindowsRelease|Any CPU.Build.0 = WindowsRelease|Any CPU
		{630BE316-5EDD-4F27-9983-B3B07662A34E}.WindowsRelease|Auto.ActiveCfg = WindowsRelease|Any CPU
		{630BE316-5EDD-4F27-9983-B3B07662A34E}.WindowsRelease|Auto.Build.0 = WindowsRelease|Any CPU
		{630BE316-5EDD-4F27-9983-B3B07662A34E}.WindowsServerDebug|Any CPU.ActiveCfg = WindowsServerDebug|Any CPU
		{630BE316-5EDD-4F27-9983-B3B07662A34E}.WindowsServerDebug|Any CPU.Build.0 = WindowsServerDebug|Any CPU
		{630BE316-5EDD-4F27-9983-B3B07662A34E}.WindowsServerDebug|Auto.ActiveCfg = WindowsServerDebug|Any CPU
		{630BE316-5EDD-4F27-9983-B3B07662A34E}.WindowsServerDebug|Auto.Build.0 = WindowsServerDebug|Any CPU
		{630BE316-5EDD-4F27-9983-B3B07662A34E}.WindowsServerRelease|Any CPU.ActiveCfg = WindowsServerRelease|Any CPU
		{630BE316-5EDD-4F27-9983-B3B07662A34E}.WindowsServerRelease|Any CPU.Build.0 = WindowsServerRelease|Any CPU
		{630BE316-5EDD-4F27-9983-B3B07662A34E}.WindowsServerRelease|Auto.ActiveCfg = WindowsServerRelease|Any CPU
		{630BE316-5EDD-4F27-9983-B3B07662A34E}.WindowsServerRelease|Auto.Build.0 = WindowsServerRelease|Any CPU
	EndGlobalSection
	GlobalSection(SolutionProperties) = preSolution
		HideSolutionNode = FALSE
	EndGlobalSection
	GlobalSection(ExtensibilityGlobals) = postSolution
		SolutionGuid = {7DE165EE-78BB-462F-BF7A-69CA101A2731}
	EndGlobalSection
EndGlobal
